
Microsoft Visual Studio Solution File, Format Version 12.00
# Visual Studio Version 17
VisualStudioVersion = 17.11.35219.272
MinimumVisualStudioVersion = 10.0.40219.1
Project("{FAE04EC0-301F-11D3-BF4B-00C04F79EFBC}") = "WpfApp8", "WpfApp8.csproj", "{29B51405-65A4-42A3-8C6B-CB7145D95971}"
EndProject
Global
	GlobalSection(SolutionConfigurationPlatforms) = preSolution
		Debug|Any CPU = Debug|Any CPU
		Release|Any CPU = Release|Any CPU
	EndGlobalSection
	GlobalSection(ProjectConfigurationPlatforms) = postSolution
		{29B51405-65A4-42A3-8C6B-CB7145D95971}.Debug|Any CPU.ActiveCfg = Debug|Any CPU
		{29B51405-65A4-42A3-8C6B-CB7145D95971}.Debug|Any CPU.Build.0 = Debug|Any CPU
		{29B51405-65A4-42A3-8C6B-CB7145D95971}.Release|Any CPU.ActiveCfg = Release|Any CPU
		{29B51405-65A4-42A3-8C6B-CB7145D95971}.Release|Any CPU.Build.0 = Release|Any CPU
	EndGlobalSection
	GlobalSection(SolutionProperties) = preSolution
		HideSolutionNode = FALSE
	EndGlobalSection
	GlobalSection(ExtensibilityGlobals) = postSolution
		SolutionGuid = {7C4CABBE-FCF3-4BD9-9C9D-68E0AE093361}
	EndGlobalSection
EndGlobal
